
Microsoft Visual Studio Solution File, Format Version 12.00
# Visual Studio Version 17
VisualStudioVersion = 17.5.002.0
MinimumVisualStudioVersion = 10.0.40219.1
Project("{9A19103F-16F7-4668-BE54-9A1E7A4F7556}") = "BibliotecaMvc", "BibliotecaMvc.csproj", "{3B8EEAF6-1038-4A89-AEAD-4F12EA26B8D7}"
EndProject
Global
	GlobalSection(SolutionConfigurationPlatforms) = preSolution
		Debug|Any CPU = Debug|Any CPU
		Release|Any CPU = Release|Any CPU
	EndGlobalSection
	GlobalSection(ProjectConfigurationPlatforms) = postSolution
		{3B8EEAF6-1038-4A89-AEAD-4F12EA26B8D7}.Debug|Any CPU.ActiveCfg = Debug|Any CPU
		{3B8EEAF6-1038-4A89-AEAD-4F12EA26B8D7}.Debug|Any CPU.Build.0 = Debug|Any CPU
		{3B8EEAF6-1038-4A89-AEAD-4F12EA26B8D7}.Release|Any CPU.ActiveCfg = Release|Any CPU
		{3B8EEAF6-1038-4A89-AEAD-4F12EA26B8D7}.Release|Any CPU.Build.0 = Release|Any CPU
	EndGlobalSection
	GlobalSection(SolutionProperties) = preSolution
		HideSolutionNode = FALSE
	EndGlobalSection
	GlobalSection(ExtensibilityGlobals) = postSolution
		SolutionGuid = {9767DB70-84DB-4B31-A740-730A0DAD97B9}
	EndGlobalSection
EndGlobal
